{
    "_meta": {
        "hash": {
            "sha256": "0f0d68e18016ee85d5a691b7e7f29f56ceafdbf32010697dc0d96f1c354682bc"
        },
        "pipfile-spec": 6,
        "requires": {
            "python_version": "3.10"
        },
        "sources": [
            {
                "name": "pypi",
                "url": "https://pypi.org/simple",
                "verify_ssl": true
            }
        ]
    },
    "default": {
        "fastavro": {
            "hashes": [
                "sha256:04740e2dd27084b4155337d082f2a232cf1d801a1b009f772e50c8306a8f8aaf",
                "sha256:08bfd749cce456f925203895d6732f6b68c973d63ff886733f27db3c2d3c0b9a",
                "sha256:10a5ac9d8c66d4ba24f25ad7313e2dab56d98ceebcf53ba9cfa88acdd135c794",
                "sha256:127e928604753d845fa0f2ae758c1640215ff901a5ce20cdf7e9f154500c3212",
                "sha256:207bc7663133ca766eaf9033806da4cf08071dacf2e9779aa9427df40815f846",
                "sha256:22d6f3e73f471e2b4ba0785cb60df939792e8904db4ba93037ba6b7858f7d6f9",
                "sha256:2f95c767bf97e896640f24d58931b3a19df3d84ccaf0606c92e603c79de60f16",
                "sha256:52ba6bb5525561df577ebd94819784626caac9d8ad2ed167030403ba1bf73159",
                "sha256:5dd5299cbc5bc2aa15f1c619f4cc55c054c6fe9ccd614f93eb1d6ab22cf314dd",
                "sha256:7b176d5731f336c2c9c88d95225f71f862b2512c33ef917b1fe7f87379cc92fd",
                "sha256:7d525f3f99cc49a5e245e08d7ab947195a18cbdd5c43af75c0989fbe14a32597",
                "sha256:8b08bd3cba45830b64adda32ccc5b027a71b6941a99cc39f90d7019a7986cc19",
                "sha256:8c45f7fdfab351431d106f5981fdc2313a8cbfdb82d2b1172b2a144bfba376b7",
                "sha256:9a0ba2f43844eb784f8abf5324a0c10474287beaecb14fb736e47136464e3044",
                "sha256:9e2ba001864607b46fc2f6124d690731b19db215a84751c4b3b155e70b615d05",
                "sha256:a007151cc2a08e61dd5ea5b48989849d056a8d63b04d7e6799c36fdf0b702bf4",
                "sha256:a727e07007230267e25702d5f3738854cb315747fc58b84839699db30dedf490",
                "sha256:b2e6d8bb79e53dc39e620c777f14b5f7122f1bf21309a9fcf60085f8e062e49c",
                "sha256:b6b0e58e7dd34906d21738c3461cddef760de3b7845779169a378b2757afa693",
                "sha256:b82a71a6c014ec5d03293d8dc8b698220380266d5503779fd3712a94e4497069",
                "sha256:b86d1c1188ec47aeb76d6195e36ab52665984e8e98f69a224ab550c82991fe07",
                "sha256:c52e4a1b05306f82916eacf83c732a4637a5be748bc2ef2ff6fed1506535d692",
                "sha256:cc98be4ad3d8fb9000abeeae0ecb0f8e62ec7898b791da5ec2f6de81dd2a73e2",
                "sha256:cd10bffc26457402da9727663de71c40dd717d90e8ab3d3b893bc227cad5e410",
                "sha256:d1a62c359f4c9472c3ebe2be478e203ff434cc1d6bebaf61181a4a121c0899a6",
                "sha256:da71b9db7718f4682cc11e0f25b5e395d5f3bc17ddaf0224f39be3bac5309cfa",
                "sha256:dc1e88d5db17e7ebc3fc764a1091f6c05a42e3cb0e2c8eaf49126743c7ca1bb5",
                "sha256:e20db96b092d7b6208f3063a424d35bb48c283e2d8b4e7ad4ee6541dc1fac2ed",
                "sha256:e5d0f16b85104aa0e2899a47c186be1082a10cecf6b331571afa92a4b8e6061a",
                "sha256:f4706a77038bf31ad2e8cc752a0c007894bd39ffb0b775c7824113743182c5f6",
                "sha256:fb3879aaeb3b56ee5b3a22ffa11cbdf4ba65c04be4688ee8bd152aa6535a00ee"
            ],
            "index": "pypi",
            "version": "==1.7.3"
        }
    },
    "develop": {}
}
